{
    "_readme": [
        "This file locks the dependencies of your project to a known state",
        "Read more about it at https://getcomposer.org/doc/01-basic-usage.md#installing-dependencies",
        "This file is @generated automatically"
    ],
    "content-hash": "8552d6db1851b9dd0dc9db42d3bd1c77",
    "packages": [],
    "packages-dev": [
        {
            "name": "dnoegel/php-xdg-base-dir",
            "version": "v0.1.1",
            "source": {
                "type": "git",
                "url": "https://github.com/dnoegel/php-xdg-base-dir.git",
                "reference": "8f8a6e48c5ecb0f991c2fdcf5f154a47d85f9ffd"
            },
            "dist": {
                "type": "zip",
                "url": "https://api.github.com/repos/dnoegel/php-xdg-base-dir/zipball/8f8a6e48c5ecb0f991c2fdcf5f154a47d85f9ffd",
                "reference": "8f8a6e48c5ecb0f991c2fdcf5f154a47d85f9ffd",
                "shasum": ""
            },
            "require": {
                "php": ">=5.3.2"
            },
            "require-dev": {
                "phpunit/phpunit": "~7.0|~6.0|~5.0|~4.8.35"
            },
            "type": "library",
            "autoload": {
                "psr-4": {
                    "XdgBaseDir\\": "src/"
                }
            },
            "notification-url": "https://packagist.org/downloads/",
            "license": [
                "MIT"
            ],
            "description": "implementation of xdg base directory specification for php",
            "time": "2019-12-04T15:06:13+00:00"
        },
        {
            "name": "jakub-onderka/php-console-color",
            "version": "v0.2",
            "source": {
                "type": "git",
                "url": "https://github.com/JakubOnderka/PHP-Console-Color.git",
                "reference": "d5deaecff52a0d61ccb613bb3804088da0307191"
            },
            "dist": {
                "type": "zip",
                "url": "https://api.github.com/repos/JakubOnderka/PHP-Console-Color/zipball/d5deaecff52a0d61ccb613bb3804088da0307191",
                "reference": "d5deaecff52a0d61ccb613bb3804088da0307191",
                "shasum": ""
            },
            "require": {
                "php": ">=5.4.0"
            },
            "require-dev": {
                "jakub-onderka/php-code-style": "1.0",
                "jakub-onderka/php-parallel-lint": "1.0",
                "jakub-onderka/php-var-dump-check": "0.*",
                "phpunit/phpunit": "~4.3",
                "squizlabs/php_codesniffer": "1.*"
            },
            "type": "library",
            "autoload": {
                "psr-4": {
                    "JakubOnderka\\PhpConsoleColor\\": "src/"
                }
            },
            "notification-url": "https://packagist.org/downloads/",
            "license": [
                "BSD-2-Clause"
            ],
            "authors": [
                {
                    "name": "Jakub Onderka",
                    "email": "jakub.onderka@gmail.com"
                }
            ],
            "time": "2018-09-29T17:23:10+00:00"
        },
        {
            "name": "jakub-onderka/php-console-highlighter",
            "version": "v0.4",
            "source": {
                "type": "git",
                "url": "https://github.com/JakubOnderka/PHP-Console-Highlighter.git",
                "reference": "9f7a229a69d52506914b4bc61bfdb199d90c5547"
            },
            "dist": {
                "type": "zip",
                "url": "https://api.github.com/repos/JakubOnderka/PHP-Console-Highlighter/zipball/9f7a229a69d52506914b4bc61bfdb199d90c5547",
                "reference": "9f7a229a69d52506914b4bc61bfdb199d90c5547",
                "shasum": ""
            },
            "require": {
                "ext-tokenizer": "*",
                "jakub-onderka/php-console-color": "~0.2",
                "php": ">=5.4.0"
            },
            "require-dev": {
                "jakub-onderka/php-code-style": "~1.0",
                "jakub-onderka/php-parallel-lint": "~1.0",
                "jakub-onderka/php-var-dump-check": "~0.1",
                "phpunit/phpunit": "~4.0",
                "squizlabs/php_codesniffer": "~1.5"
            },
            "type": "library",
            "autoload": {
                "psr-4": {
                    "JakubOnderka\\PhpConsoleHighlighter\\": "src/"
                }
            },
            "notification-url": "https://packagist.org/downloads/",
            "license": [
                "MIT"
            ],
            "authors": [
                {
                    "name": "Jakub Onderka",
                    "email": "acci@acci.cz",
                    "homepage": "http://www.acci.cz/"
                }
            ],
            "description": "Highlight PHP code in terminal",
            "time": "2018-09-29T18:48:56+00:00"
        },
        {
            "name": "nikic/php-parser",
            "version": "v4.3.0",
            "source": {
                "type": "git",
                "url": "https://github.com/nikic/PHP-Parser.git",
                "reference": "9a9981c347c5c49d6dfe5cf826bb882b824080dc"
            },
            "dist": {
                "type": "zip",
                "url": "https://api.github.com/repos/nikic/PHP-Parser/zipball/9a9981c347c5c49d6dfe5cf826bb882b824080dc",
                "reference": "9a9981c347c5c49d6dfe5cf826bb882b824080dc",
                "shasum": ""
            },
            "require": {
                "ext-tokenizer": "*",
                "php": ">=7.0"
            },
            "require-dev": {
                "ircmaxell/php-yacc": "0.0.5",
                "phpunit/phpunit": "^6.5 || ^7.0 || ^8.0"
            },
            "bin": [
                "bin/php-parse"
            ],
            "type": "library",
            "extra": {
                "branch-alias": {
                    "dev-master": "4.3-dev"
                }
            },
            "autoload": {
                "psr-4": {
                    "PhpParser\\": "lib/PhpParser"
                }
            },
            "notification-url": "https://packagist.org/downloads/",
            "license": [
                "BSD-3-Clause"
            ],
            "authors": [
                {
                    "name": "Nikita Popov"
                }
            ],
            "description": "A PHP parser written in PHP",
            "keywords": [
                "parser",
                "php"
            ],
            "time": "2019-11-08T13:50:10+00:00"
        },
        {
            "name": "phalcon/devtools",
            "version": "v4.0.0",
            "source": {
                "type": "git",
                "url": "https://github.com/phalcon/phalcon-devtools.git",
                "reference": "f286de901a8392845da1297f283a77c4318a4ac4"
            },
            "dist": {
                "type": "zip",
                "url": "https://api.github.com/repos/phalcon/phalcon-devtools/zipball/f286de901a8392845da1297f283a77c4318a4ac4",
                "reference": "f286de901a8392845da1297f283a77c4318a4ac4",
                "shasum": ""
            },
            "require": {
                "ext-pdo": "*",
                "ext-phalcon": "^4.0.0",
                "nikic/php-parser": "^4.2.4",
                "phalcon/migrations": "^1.1",
                "php": ">=7.2",
                "psy/psysh": "~0.9",
                "vlucas/phpdotenv": "^3.6"
            },
            "require-dev": {
                "codeception/codeception": "^3.1",
                "codeception/specify": "^1.2",
                "codeception/verify": "^1.2",
                "humbug/box": "^3.8",
                "phalcon/ide-stubs": "^4.0.0",
                "phpdocumentor/reflection-docblock": "^4.3",
                "phpunit/phpunit": "^8.0",
                "squizlabs/php_codesniffer": "^3.5",
                "vimeo/psalm": "^3.7"
            },
            "bin": [
                "phalcon"
            ],
            "type": "library",
            "autoload": {
                "psr-4": {
                    "Phalcon\\DevTools\\": "src/"
                }
            },
            "notification-url": "https://packagist.org/downloads/",
            "license": [
                "BSD-3-Clause"
            ],
            "authors": [
                {
                    "name": "Phalcon Team",
                    "email": "team@phalcon.io",
                    "homepage": "https://phalcon.io/en/team"
                },
                {
                    "name": "Contributors",
                    "homepage": "https://github.com/phalcon/phalcon-devtools/graphs/contributors"
                }
            ],
            "description": "This tools provide you useful scripts to generate code helping to develop faster and easy applications that use with Phalcon framework.",
            "homepage": "https://phalcon.io",
            "keywords": [
                "Devtools",
                "framework",
                "phalcon",
                "phar",
                "webtools"
            ],
            "time": "2019-12-21T21:28:03+00:00"
        },
        {
            "name": "phalcon/migrations",
            "version": "v1.1.3",
            "source": {
                "type": "git",
                "url": "https://github.com/phalcon/migrations.git",
                "reference": "b6d751a8e21888e09acaffd675a4a848a009bfec"
            },
            "dist": {
                "type": "zip",
                "url": "https://api.github.com/repos/phalcon/migrations/zipball/b6d751a8e21888e09acaffd675a4a848a009bfec",
                "reference": "b6d751a8e21888e09acaffd675a4a848a009bfec",
                "shasum": ""
            },
            "require": {
                "ext-phalcon": "^4.0.0",
                "php": ">=7.2"
            },
            "require-dev": {
                "fzaninotto/faker": "^1.9",
                "phalcon/ide-stubs": "^4.0.0",
                "phpunit/phpunit": "8.4.1",
                "squizlabs/php_codesniffer": "3.5.1",
                "vimeo/psalm": "3.6.2"
            },
            "suggest": {
                "robmorgan/phinx": "Phinx makes it ridiculously easy to manage the database migrations for your PHP app."
            },
            "bin": [
                "phalcon-migrations"
            ],
            "type": "library",
            "autoload": {
                "psr-4": {
                    "Phalcon\\Migrations\\": "src/"
                }
            },
            "notification-url": "https://packagist.org/downloads/",
            "license": [
                "BSD-3-Clause"
            ],
            "description": "Run and Generate DB Migrations with Phalcon Framework",
            "homepage": "https://phalcon.io",
            "time": "2020-01-01T13:44:47+00:00"
        },
        {
            "name": "phpoption/phpoption",
            "version": "1.7.2",
            "source": {
                "type": "git",
                "url": "https://github.com/schmittjoh/php-option.git",
                "reference": "77f7c4d2e65413aff5b5a8cc8b3caf7a28d81959"
            },
            "dist": {
                "type": "zip",
                "url": "https://api.github.com/repos/schmittjoh/php-option/zipball/77f7c4d2e65413aff5b5a8cc8b3caf7a28d81959",
                "reference": "77f7c4d2e65413aff5b5a8cc8b3caf7a28d81959",
                "shasum": ""
            },
            "require": {
                "php": "^5.5.9 || ^7.0"
            },
            "require-dev": {
                "bamarni/composer-bin-plugin": "^1.3",
                "phpunit/phpunit": "^4.8.35 || ^5.0 || ^6.0 || ^7.0"
            },
            "type": "library",
            "extra": {
                "branch-alias": {
                    "dev-master": "1.7-dev"
                }
            },
            "autoload": {
                "psr-4": {
                    "PhpOption\\": "src/PhpOption/"
                }
            },
            "notification-url": "https://packagist.org/downloads/",
            "license": [
                "Apache-2.0"
            ],
            "authors": [
                {
                    "name": "Johannes M. Schmitt",
                    "email": "schmittjoh@gmail.com"
                },
                {
                    "name": "Graham Campbell",
                    "email": "graham@alt-three.com"
                }
            ],
            "description": "Option Type for PHP",
            "keywords": [
                "language",
                "option",
                "php",
                "type"
            ],
            "time": "2019-12-15T19:35:24+00:00"
        },
        {
            "name": "psr/container",
            "version": "1.0.0",
            "source": {
                "type": "git",
                "url": "https://github.com/php-fig/container.git",
                "reference": "b7ce3b176482dbbc1245ebf52b181af44c2cf55f"
            },
            "dist": {
                "type": "zip",
                "url": "https://api.github.com/repos/php-fig/container/zipball/b7ce3b176482dbbc1245ebf52b181af44c2cf55f",
                "reference": "b7ce3b176482dbbc1245ebf52b181af44c2cf55f",
                "shasum": ""
            },
            "require": {
                "php": ">=5.3.0"
            },
            "type": "library",
            "extra": {
                "branch-alias": {
                    "dev-master": "1.0.x-dev"
                }
            },
            "autoload": {
                "psr-4": {
                    "Psr\\Container\\": "src/"
                }
            },
            "notification-url": "https://packagist.org/downloads/",
            "license": [
                "MIT"
            ],
            "authors": [
                {
                    "name": "PHP-FIG",
                    "homepage": "http://www.php-fig.org/"
                }
            ],
            "description": "Common Container Interface (PHP FIG PSR-11)",
            "homepage": "https://github.com/php-fig/container",
            "keywords": [
                "PSR-11",
                "container",
                "container-interface",
                "container-interop",
                "psr"
            ],
            "time": "2017-02-14T16:28:37+00:00"
        },
        {
            "name": "psy/psysh",
            "version": "v0.9.12",
            "source": {
                "type": "git",
                "url": "https://github.com/bobthecow/psysh.git",
                "reference": "90da7f37568aee36b116a030c5f99c915267edd4"
            },
            "dist": {
                "type": "zip",
                "url": "https://api.github.com/repos/bobthecow/psysh/zipball/90da7f37568aee36b116a030c5f99c915267edd4",
                "reference": "90da7f37568aee36b116a030c5f99c915267edd4",
                "shasum": ""
            },
            "require": {
                "dnoegel/php-xdg-base-dir": "0.1.*",
                "ext-json": "*",
                "ext-tokenizer": "*",
                "jakub-onderka/php-console-highlighter": "0.3.*|0.4.*",
                "nikic/php-parser": "~1.3|~2.0|~3.0|~4.0",
                "php": ">=5.4.0",
                "symfony/console": "~2.3.10|^2.4.2|~3.0|~4.0|~5.0",
                "symfony/var-dumper": "~2.7|~3.0|~4.0|~5.0"
            },
            "require-dev": {
                "bamarni/composer-bin-plugin": "^1.2",
                "hoa/console": "~2.15|~3.16",
                "phpunit/phpunit": "~4.8.35|~5.0|~6.0|~7.0"
            },
            "suggest": {
                "ext-pcntl": "Enabling the PCNTL extension makes PsySH a lot happier :)",
                "ext-pdo-sqlite": "The doc command requires SQLite to work.",
                "ext-posix": "If you have PCNTL, you'll want the POSIX extension as well.",
                "ext-readline": "Enables support for arrow-key history navigation, and showing and manipulating command history.",
                "hoa/console": "A pure PHP readline implementation. You'll want this if your PHP install doesn't already support readline or libedit."
            },
            "bin": [
                "bin/psysh"
            ],
            "type": "library",
            "extra": {
                "branch-alias": {
                    "dev-develop": "0.9.x-dev"
                }
            },
            "autoload": {
                "files": [
                    "src/functions.php"
                ],
                "psr-4": {
                    "Psy\\": "src/"
                }
            },
            "notification-url": "https://packagist.org/downloads/",
            "license": [
                "MIT"
            ],
            "authors": [
                {
                    "name": "Justin Hileman",
                    "email": "justin@justinhileman.info",
                    "homepage": "http://justinhileman.com"
                }
            ],
            "description": "An interactive shell for modern PHP.",
            "homepage": "http://psysh.org",
            "keywords": [
                "REPL",
                "console",
                "interactive",
                "shell"
            ],
            "time": "2019-12-06T14:19:43+00:00"
        },
        {
            "name": "symfony/console",
            "version": "v5.0.2",
            "source": {
                "type": "git",
                "url": "https://github.com/symfony/console.git",
                "reference": "fe6e3cd889ca64172d7a742a2eb058541404ef47"
            },
            "dist": {
                "type": "zip",
                "url": "https://api.github.com/repos/symfony/console/zipball/fe6e3cd889ca64172d7a742a2eb058541404ef47",
                "reference": "fe6e3cd889ca64172d7a742a2eb058541404ef47",
                "shasum": ""
            },
            "require": {
                "php": "^7.2.5",
                "symfony/polyfill-mbstring": "~1.0",
                "symfony/polyfill-php73": "^1.8",
                "symfony/service-contracts": "^1.1|^2"
            },
            "conflict": {
                "symfony/dependency-injection": "<4.4",
                "symfony/event-dispatcher": "<4.4",
                "symfony/lock": "<4.4",
                "symfony/process": "<4.4"
            },
            "provide": {
                "psr/log-implementation": "1.0"
            },
            "require-dev": {
                "psr/log": "~1.0",
                "symfony/config": "^4.4|^5.0",
                "symfony/dependency-injection": "^4.4|^5.0",
                "symfony/event-dispatcher": "^4.4|^5.0",
                "symfony/lock": "^4.4|^5.0",
                "symfony/process": "^4.4|^5.0",
                "symfony/var-dumper": "^4.4|^5.0"
            },
            "suggest": {
                "psr/log": "For using the console logger",
                "symfony/event-dispatcher": "",
                "symfony/lock": "",
                "symfony/process": ""
            },
            "type": "library",
            "extra": {
                "branch-alias": {
                    "dev-master": "5.0-dev"
                }
            },
            "autoload": {
                "psr-4": {
                    "Symfony\\Component\\Console\\": ""
                },
                "exclude-from-classmap": [
                    "/Tests/"
                ]
            },
            "notification-url": "https://packagist.org/downloads/",
            "license": [
                "MIT"
            ],
            "authors": [
                {
                    "name": "Fabien Potencier",
                    "email": "fabien@symfony.com"
                },
                {
                    "name": "Symfony Community",
                    "homepage": "https://symfony.com/contributors"
                }
            ],
            "description": "Symfony Console Component",
            "homepage": "https://symfony.com",
            "time": "2019-12-17T13:20:22+00:00"
        },
        {
            "name": "symfony/polyfill-ctype",
            "version": "v1.13.1",
            "source": {
                "type": "git",
                "url": "https://github.com/symfony/polyfill-ctype.git",
                "reference": "f8f0b461be3385e56d6de3dbb5a0df24c0c275e3"
            },
            "dist": {
                "type": "zip",
                "url": "https://api.github.com/repos/symfony/polyfill-ctype/zipball/f8f0b461be3385e56d6de3dbb5a0df24c0c275e3",
                "reference": "f8f0b461be3385e56d6de3dbb5a0df24c0c275e3",
                "shasum": ""
            },
            "require": {
                "php": ">=5.3.3"
            },
            "suggest": {
                "ext-ctype": "For best performance"
            },
            "type": "library",
            "extra": {
                "branch-alias": {
                    "dev-master": "1.13-dev"
                }
            },
            "autoload": {
                "psr-4": {
                    "Symfony\\Polyfill\\Ctype\\": ""
                },
                "files": [
                    "bootstrap.php"
                ]
            },
            "notification-url": "https://packagist.org/downloads/",
            "license": [
                "MIT"
            ],
            "authors": [
                {
                    "name": "Gert de Pagter",
                    "email": "BackEndTea@gmail.com"
                },
                {
                    "name": "Symfony Community",
                    "homepage": "https://symfony.com/contributors"
                }
            ],
            "description": "Symfony polyfill for ctype functions",
            "homepage": "https://symfony.com",
            "keywords": [
                "compatibility",
                "ctype",
                "polyfill",
                "portable"
            ],
            "time": "2019-11-27T13:56:44+00:00"
        },
        {
            "name": "symfony/polyfill-mbstring",
            "version": "v1.13.1",
            "source": {
                "type": "git",
                "url": "https://github.com/symfony/polyfill-mbstring.git",
                "reference": "7b4aab9743c30be783b73de055d24a39cf4b954f"
            },
            "dist": {
                "type": "zip",
                "url": "https://api.github.com/repos/symfony/polyfill-mbstring/zipball/7b4aab9743c30be783b73de055d24a39cf4b954f",
                "reference": "7b4aab9743c30be783b73de055d24a39cf4b954f",
                "shasum": ""
            },
            "require": {
                "php": ">=5.3.3"
            },
            "suggest": {
                "ext-mbstring": "For best performance"
            },
            "type": "library",
            "extra": {
                "branch-alias": {
                    "dev-master": "1.13-dev"
                }
            },
            "autoload": {
                "psr-4": {
                    "Symfony\\Polyfill\\Mbstring\\": ""
                },
                "files": [
                    "bootstrap.php"
                ]
            },
            "notification-url": "https://packagist.org/downloads/",
            "license": [
                "MIT"
            ],
            "authors": [
                {
                    "name": "Nicolas Grekas",
                    "email": "p@tchwork.com"
                },
                {
                    "name": "Symfony Community",
                    "homepage": "https://symfony.com/contributors"
                }
            ],
            "description": "Symfony polyfill for the Mbstring extension",
            "homepage": "https://symfony.com",
            "keywords": [
                "compatibility",
                "mbstring",
                "polyfill",
                "portable",
                "shim"
            ],
            "time": "2019-11-27T14:18:11+00:00"
        },
        {
            "name": "symfony/polyfill-php73",
            "version": "v1.13.1",
            "source": {
                "type": "git",
                "url": "https://github.com/symfony/polyfill-php73.git",
                "reference": "4b0e2222c55a25b4541305a053013d5647d3a25f"
            },
            "dist": {
                "type": "zip",
                "url": "https://api.github.com/repos/symfony/polyfill-php73/zipball/4b0e2222c55a25b4541305a053013d5647d3a25f",
                "reference": "4b0e2222c55a25b4541305a053013d5647d3a25f",
                "shasum": ""
            },
            "require": {
                "php": ">=5.3.3"
            },
            "type": "library",
            "extra": {
                "branch-alias": {
                    "dev-master": "1.13-dev"
                }
            },
            "autoload": {
                "psr-4": {
                    "Symfony\\Polyfill\\Php73\\": ""
                },
                "files": [
                    "bootstrap.php"
                ],
                "classmap": [
                    "Resources/stubs"
                ]
            },
            "notification-url": "https://packagist.org/downloads/",
            "license": [
                "MIT"
            ],
            "authors": [
                {
                    "name": "Nicolas Grekas",
                    "email": "p@tchwork.com"
                },
                {
                    "name": "Symfony Community",
                    "homepage": "https://symfony.com/contributors"
                }
            ],
            "description": "Symfony polyfill backporting some PHP 7.3+ features to lower PHP versions",
            "homepage": "https://symfony.com",
            "keywords": [
                "compatibility",
                "polyfill",
                "portable",
                "shim"
            ],
            "time": "2019-11-27T16:25:15+00:00"
        },
        {
            "name": "symfony/service-contracts",
            "version": "v2.0.1",
            "source": {
                "type": "git",
                "url": "https://github.com/symfony/service-contracts.git",
                "reference": "144c5e51266b281231e947b51223ba14acf1a749"
            },
            "dist": {
                "type": "zip",
                "url": "https://api.github.com/repos/symfony/service-contracts/zipball/144c5e51266b281231e947b51223ba14acf1a749",
                "reference": "144c5e51266b281231e947b51223ba14acf1a749",
                "shasum": ""
            },
            "require": {
                "php": "^7.2.5",
                "psr/container": "^1.0"
            },
            "suggest": {
                "symfony/service-implementation": ""
            },
            "type": "library",
            "extra": {
                "branch-alias": {
                    "dev-master": "2.0-dev"
                }
            },
            "autoload": {
                "psr-4": {
                    "Symfony\\Contracts\\Service\\": ""
                }
            },
            "notification-url": "https://packagist.org/downloads/",
            "license": [
                "MIT"
            ],
            "authors": [
                {
                    "name": "Nicolas Grekas",
                    "email": "p@tchwork.com"
                },
                {
                    "name": "Symfony Community",
                    "homepage": "https://symfony.com/contributors"
                }
            ],
            "description": "Generic abstractions related to writing services",
            "homepage": "https://symfony.com",
            "keywords": [
                "abstractions",
                "contracts",
                "decoupling",
                "interfaces",
                "interoperability",
                "standards"
            ],
            "time": "2019-11-18T17:27:11+00:00"
        },
        {
            "name": "symfony/var-dumper",
            "version": "v5.0.2",
            "source": {
                "type": "git",
                "url": "https://github.com/symfony/var-dumper.git",
                "reference": "d7bc61d5d335fa9b1b91e14bb16861e8ca50f53a"
            },
            "dist": {
                "type": "zip",
                "url": "https://api.github.com/repos/symfony/var-dumper/zipball/d7bc61d5d335fa9b1b91e14bb16861e8ca50f53a",
                "reference": "d7bc61d5d335fa9b1b91e14bb16861e8ca50f53a",
                "shasum": ""
            },
            "require": {
                "php": "^7.2.5",
                "symfony/polyfill-mbstring": "~1.0"
            },
            "conflict": {
                "phpunit/phpunit": "<5.4.3",
                "symfony/console": "<4.4"
            },
            "require-dev": {
                "ext-iconv": "*",
                "symfony/console": "^4.4|^5.0",
                "symfony/process": "^4.4|^5.0",
                "twig/twig": "^2.4|^3.0"
            },
            "suggest": {
                "ext-iconv": "To convert non-UTF-8 strings to UTF-8 (or symfony/polyfill-iconv in case ext-iconv cannot be used).",
                "ext-intl": "To show region name in time zone dump",
                "symfony/console": "To use the ServerDumpCommand and/or the bin/var-dump-server script"
            },
            "bin": [
                "Resources/bin/var-dump-server"
            ],
            "type": "library",
            "extra": {
                "branch-alias": {
                    "dev-master": "5.0-dev"
                }
            },
            "autoload": {
                "files": [
                    "Resources/functions/dump.php"
                ],
                "psr-4": {
                    "Symfony\\Component\\VarDumper\\": ""
                },
                "exclude-from-classmap": [
                    "/Tests/"
                ]
            },
            "notification-url": "https://packagist.org/downloads/",
            "license": [
                "MIT"
            ],
            "authors": [
                {
                    "name": "Nicolas Grekas",
                    "email": "p@tchwork.com"
                },
                {
                    "name": "Symfony Community",
                    "homepage": "https://symfony.com/contributors"
                }
            ],
            "description": "Symfony mechanism for exploring and dumping PHP variables",
            "homepage": "https://symfony.com",
            "keywords": [
                "debug",
                "dump"
            ],
            "time": "2019-12-18T13:50:31+00:00"
        },
        {
            "name": "vlucas/phpdotenv",
            "version": "v3.6.0",
            "source": {
                "type": "git",
                "url": "https://github.com/vlucas/phpdotenv.git",
                "reference": "1bdf24f065975594f6a117f0f1f6cabf1333b156"
            },
            "dist": {
                "type": "zip",
                "url": "https://api.github.com/repos/vlucas/phpdotenv/zipball/1bdf24f065975594f6a117f0f1f6cabf1333b156",
                "reference": "1bdf24f065975594f6a117f0f1f6cabf1333b156",
                "shasum": ""
            },
            "require": {
                "php": "^5.4 || ^7.0",
                "phpoption/phpoption": "^1.5",
                "symfony/polyfill-ctype": "^1.9"
            },
            "require-dev": {
                "phpunit/phpunit": "^4.8.35 || ^5.0 || ^6.0 || ^7.0"
            },
            "type": "library",
            "extra": {
                "branch-alias": {
                    "dev-master": "3.6-dev"
                }
            },
            "autoload": {
                "psr-4": {
                    "Dotenv\\": "src/"
                }
            },
            "notification-url": "https://packagist.org/downloads/",
            "license": [
                "BSD-3-Clause"
            ],
            "authors": [
                {
                    "name": "Graham Campbell",
                    "email": "graham@alt-three.com",
                    "homepage": "https://gjcampbell.co.uk/"
                },
                {
                    "name": "Vance Lucas",
                    "email": "vance@vancelucas.com",
                    "homepage": "https://vancelucas.com/"
                }
            ],
            "description": "Loads environment variables from `.env` to `getenv()`, `$_ENV` and `$_SERVER` automagically.",
            "keywords": [
                "dotenv",
                "env",
                "environment"
            ],
            "time": "2019-09-10T21:37:39+00:00"
        }
    ],
    "aliases": [],
    "minimum-stability": "stable",
    "stability-flags": [],
    "prefer-stable": false,
    "prefer-lowest": false,
    "platform": [],
    "platform-dev": []
}
